
Microsoft Visual Studio Solution File, Format Version 12.00
# Visual Studio Version 17
VisualStudioVersion = 17.11.35222.181
MinimumVisualStudioVersion = 10.0.40219.1
Project("{FAE04EC0-301F-11D3-BF4B-00C04F79EFBC}") = "FITDManager", "FITDManager.csproj", "{DE7656F2-4E50-40AA-A460-91BA90ED399E}"
EndProject
Project("{FAE04EC0-301F-11D3-BF4B-00C04F79EFBC}") = "LiteDbWrapper", "..\LiteDbWrapper\LiteDbWrapper.csproj", "{C4204E4D-9A8D-47C4-90EE-595C4C1B3717}"
EndProject
Project("{FAE04EC0-301F-11D3-BF4B-00C04F79EFBC}") = "ColorConsoleLogger", "..\ColorConsoleLogger\ColorConsoleLogger.csproj", "{7AF92C59-C96D-46B2-89D2-E5359CADCC98}"
EndProject
Global
	GlobalSection(SolutionConfigurationPlatforms) = preSolution
		Debug|Any CPU = Debug|Any CPU
		Release|Any CPU = Release|Any CPU
	EndGlobalSection
	GlobalSection(ProjectConfigurationPlatforms) = postSolution
		{DE7656F2-4E50-40AA-A460-91BA90ED399E}.Debug|Any CPU.ActiveCfg = Debug|Any CPU
		{DE7656F2-4E50-40AA-A460-91BA90ED399E}.Debug|Any CPU.Build.0 = Debug|Any CPU
		{DE7656F2-4E50-40AA-A460-91BA90ED399E}.Release|Any CPU.ActiveCfg = Release|Any CPU
		{DE7656F2-4E50-40AA-A460-91BA90ED399E}.Release|Any CPU.Build.0 = Release|Any CPU
		{C4204E4D-9A8D-47C4-90EE-595C4C1B3717}.Debug|Any CPU.ActiveCfg = Debug|Any CPU
		{C4204E4D-9A8D-47C4-90EE-595C4C1B3717}.Debug|Any CPU.Build.0 = Debug|Any CPU
		{C4204E4D-9A8D-47C4-90EE-595C4C1B3717}.Release|Any CPU.ActiveCfg = Release|Any CPU
		{C4204E4D-9A8D-47C4-90EE-595C4C1B3717}.Release|Any CPU.Build.0 = Release|Any CPU
		{7AF92C59-C96D-46B2-89D2-E5359CADCC98}.Debug|Any CPU.ActiveCfg = Debug|Any CPU
		{7AF92C59-C96D-46B2-89D2-E5359CADCC98}.Debug|Any CPU.Build.0 = Debug|Any CPU
		{7AF92C59-C96D-46B2-89D2-E5359CADCC98}.Release|Any CPU.ActiveCfg = Release|Any CPU
		{7AF92C59-C96D-46B2-89D2-E5359CADCC98}.Release|Any CPU.Build.0 = Release|Any CPU
	EndGlobalSection
	GlobalSection(SolutionProperties) = preSolution
		HideSolutionNode = FALSE
	EndGlobalSection
	GlobalSection(ExtensibilityGlobals) = postSolution
		SolutionGuid = {AC56C920-998E-4B93-BCED-A46B5917EAC6}
	EndGlobalSection
EndGlobal
