
Microsoft Visual Studio Solution File, Format Version 12.00
# Visual Studio Version 17
VisualStudioVersion = 17.11.35222.181
MinimumVisualStudioVersion = 10.0.40219.1
Project("{9A19103F-16F7-4668-BE54-9A1E7A4F7556}") = "FITDManager", "FITDManager.csproj", "{DE7656F2-4E50-40AA-A460-91BA90ED399E}"
EndProject
Project("{9A19103F-16F7-4668-BE54-9A1E7A4F7556}") = "FITDUpdater", "..\FITDUpdater\FITDUpdater.csproj", "{92AEFCC5-4698-4BFE-AD32-4A44D7BB4234}"
EndProject
Global
	GlobalSection(SolutionConfigurationPlatforms) = preSolution
		Debug|Any CPU = Debug|Any CPU
		Release|Any CPU = Release|Any CPU
	EndGlobalSection
	GlobalSection(ProjectConfigurationPlatforms) = postSolution
		{DE7656F2-4E50-40AA-A460-91BA90ED399E}.Debug|Any CPU.ActiveCfg = Debug|Any CPU
		{DE7656F2-4E50-40AA-A460-91BA90ED399E}.Debug|Any CPU.Build.0 = Debug|Any CPU
		{DE7656F2-4E50-40AA-A460-91BA90ED399E}.Release|Any CPU.ActiveCfg = Release|Any CPU
		{DE7656F2-4E50-40AA-A460-91BA90ED399E}.Release|Any CPU.Build.0 = Release|Any CPU
		{92AEFCC5-4698-4BFE-AD32-4A44D7BB4234}.Debug|Any CPU.ActiveCfg = Debug|Any CPU
		{92AEFCC5-4698-4BFE-AD32-4A44D7BB4234}.Debug|Any CPU.Build.0 = Debug|Any CPU
		{92AEFCC5-4698-4BFE-AD32-4A44D7BB4234}.Release|Any CPU.ActiveCfg = Release|Any CPU
		{92AEFCC5-4698-4BFE-AD32-4A44D7BB4234}.Release|Any CPU.Build.0 = Release|Any CPU
	EndGlobalSection
	GlobalSection(SolutionProperties) = preSolution
		HideSolutionNode = FALSE
	EndGlobalSection
	GlobalSection(ExtensibilityGlobals) = postSolution
		SolutionGuid = {AC56C920-998E-4B93-BCED-A46B5917EAC6}
	EndGlobalSection
EndGlobal
