
Microsoft Visual Studio Solution File, Format Version 12.00
# Visual Studio Version 17
VisualStudioVersion = 17.11.35222.181
MinimumVisualStudioVersion = 10.0.40219.1
Project("{9A19103F-16F7-4668-BE54-9A1E7A4F7556}") = "FitDManager.Server", "FITDManager.Server\FitDManager.Server.csproj", "{C07953F5-07EE-4135-A061-DDB59251847F}"
EndProject
Project("{54A90642-561A-4BB1-A94E-469ADEE60C69}") = "fitdmanager.client", "fitdmanager.client\fitdmanager.client.esproj", "{7A0EF9AD-F42E-4566-A32A-DFAB9BDB81A0}"
EndProject
Project("{9A19103F-16F7-4668-BE54-9A1E7A4F7556}") = "JsonLiteDbLoader", "..\JsonLiteDbLoader\JsonLiteDbLoader.csproj", "{5EF05F11-7145-41AD-880F-A1B5E832F593}"
EndProject
Project("{9A19103F-16F7-4668-BE54-9A1E7A4F7556}") = "FitdConfig", "..\FitdConfig\FitdConfig.csproj", "{543A37C8-4BFD-488A-AA4A-AD2C150BFADE}"
EndProject
Project("{9A19103F-16F7-4668-BE54-9A1E7A4F7556}") = "FitdCreator", "..\FitdCreator\FitdCreator.csproj", "{6DFD967C-B833-4579-B248-53948C0D5B5E}"
EndProject
Project("{2150E333-8FDC-42A3-9474-1A3956D46DE8}") = "Entity", "Entity", "{D7E1E8EB-7CC2-48D3-B8A8-DA64CFC42132}"
EndProject
Project("{9A19103F-16F7-4668-BE54-9A1E7A4F7556}") = "FitdDataEntity", "..\Entity\FitdDataEntity\FitdDataEntity.csproj", "{51EAF8CD-F0DE-4691-953B-17521D3E85BC}"
EndProject
Project("{9A19103F-16F7-4668-BE54-9A1E7A4F7556}") = "FitdEntityCommon", "..\Entity\FitdEntityCommon\FitdEntityCommon.csproj", "{927B99D4-8D76-4285-B97E-0DADA5A9F3BE}"
EndProject
Project("{9A19103F-16F7-4668-BE54-9A1E7A4F7556}") = "FitdCoreEntity", "..\Entity\FitdCoreEntity\FitdCoreEntity.csproj", "{D5474941-FFC0-41A9-947A-B884F97D52FD}"
EndProject
Project("{2150E333-8FDC-42A3-9474-1A3956D46DE8}") = "EntityUseCases", "EntityUseCases", "{BEEAC1BF-7AD7-425C-A4E4-9ECCD544681C}"
EndProject
Project("{9A19103F-16F7-4668-BE54-9A1E7A4F7556}") = "SheetManager", "..\EntityUseCases\SheetManager\SheetManager.csproj", "{5E7F0222-B485-469A-9A9B-94DB04FEA624}"
EndProject
Project("{2150E333-8FDC-42A3-9474-1A3956D46DE8}") = "Gateway", "Gateway", "{A078523E-5F98-4D55-B68E-7032BC95B286}"
EndProject
Project("{2150E333-8FDC-42A3-9474-1A3956D46DE8}") = "Tests", "Tests", "{C15050E3-0142-4890-AA04-5E41E05D94FD}"
EndProject
Project("{9A19103F-16F7-4668-BE54-9A1E7A4F7556}") = "DataGateway", "..\Gateway\DataGateway\DataGateway.csproj", "{4DB2D9FC-A95D-489F-ADB3-308BFD4C1161}"
EndProject
Project("{9A19103F-16F7-4668-BE54-9A1E7A4F7556}") = "LiteDbAdapter", "..\Gateway\LiteDbAdapter\LiteDbAdapter.csproj", "{ABF7C3EE-0B91-4887-9374-B98F6A8EA064}"
EndProject
Project("{9A19103F-16F7-4668-BE54-9A1E7A4F7556}") = "EntityMapper", "..\EntityUseCases\EntityMapper\EntityMapper.csproj", "{037A91AD-2E1C-44B9-9724-9D08548F3795}"
EndProject
Project("{9A19103F-16F7-4668-BE54-9A1E7A4F7556}") = "RefRepo", "..\EntityUseCases\RefRepo\RefRepo.csproj", "{5D282944-687C-40C7-8CBC-35DE41D589E3}"
EndProject
Project("{9A19103F-16F7-4668-BE54-9A1E7A4F7556}") = "FitdTester", "..\Tests\FitdTester\FitdTester.csproj", "{F1E8D78B-AA08-462C-BDDA-AB839D723B64}"
EndProject
Project("{9A19103F-16F7-4668-BE54-9A1E7A4F7556}") = "SheetBuilder", "..\EntityUseCases\SheetBuilder\SheetBuilder.csproj", "{DC5B4C0F-3726-4FE8-809A-850FBD6E316D}"
EndProject
Project("{9A19103F-16F7-4668-BE54-9A1E7A4F7556}") = "GistBuilder", "..\EntityUseCases\GistBuilder\GistBuilder.csproj", "{7962BDE7-7246-40C6-91A1-C210000E4633}"
EndProject
Global
	GlobalSection(SolutionConfigurationPlatforms) = preSolution
		Debug|Any CPU = Debug|Any CPU
		Release|Any CPU = Release|Any CPU
	EndGlobalSection
	GlobalSection(ProjectConfigurationPlatforms) = postSolution
		{C07953F5-07EE-4135-A061-DDB59251847F}.Debug|Any CPU.ActiveCfg = Debug|Any CPU
		{C07953F5-07EE-4135-A061-DDB59251847F}.Debug|Any CPU.Build.0 = Debug|Any CPU
		{C07953F5-07EE-4135-A061-DDB59251847F}.Release|Any CPU.ActiveCfg = Release|Any CPU
		{C07953F5-07EE-4135-A061-DDB59251847F}.Release|Any CPU.Build.0 = Release|Any CPU
		{7A0EF9AD-F42E-4566-A32A-DFAB9BDB81A0}.Debug|Any CPU.ActiveCfg = Debug|Any CPU
		{7A0EF9AD-F42E-4566-A32A-DFAB9BDB81A0}.Debug|Any CPU.Build.0 = Debug|Any CPU
		{7A0EF9AD-F42E-4566-A32A-DFAB9BDB81A0}.Debug|Any CPU.Deploy.0 = Debug|Any CPU
		{7A0EF9AD-F42E-4566-A32A-DFAB9BDB81A0}.Release|Any CPU.ActiveCfg = Release|Any CPU
		{7A0EF9AD-F42E-4566-A32A-DFAB9BDB81A0}.Release|Any CPU.Build.0 = Release|Any CPU
		{7A0EF9AD-F42E-4566-A32A-DFAB9BDB81A0}.Release|Any CPU.Deploy.0 = Release|Any CPU
		{5EF05F11-7145-41AD-880F-A1B5E832F593}.Debug|Any CPU.ActiveCfg = Debug|Any CPU
		{5EF05F11-7145-41AD-880F-A1B5E832F593}.Debug|Any CPU.Build.0 = Debug|Any CPU
		{5EF05F11-7145-41AD-880F-A1B5E832F593}.Release|Any CPU.ActiveCfg = Release|Any CPU
		{5EF05F11-7145-41AD-880F-A1B5E832F593}.Release|Any CPU.Build.0 = Release|Any CPU
		{543A37C8-4BFD-488A-AA4A-AD2C150BFADE}.Debug|Any CPU.ActiveCfg = Debug|Any CPU
		{543A37C8-4BFD-488A-AA4A-AD2C150BFADE}.Debug|Any CPU.Build.0 = Debug|Any CPU
		{543A37C8-4BFD-488A-AA4A-AD2C150BFADE}.Release|Any CPU.ActiveCfg = Release|Any CPU
		{543A37C8-4BFD-488A-AA4A-AD2C150BFADE}.Release|Any CPU.Build.0 = Release|Any CPU
		{6DFD967C-B833-4579-B248-53948C0D5B5E}.Debug|Any CPU.ActiveCfg = Debug|Any CPU
		{6DFD967C-B833-4579-B248-53948C0D5B5E}.Debug|Any CPU.Build.0 = Debug|Any CPU
		{6DFD967C-B833-4579-B248-53948C0D5B5E}.Release|Any CPU.ActiveCfg = Release|Any CPU
		{6DFD967C-B833-4579-B248-53948C0D5B5E}.Release|Any CPU.Build.0 = Release|Any CPU
		{51EAF8CD-F0DE-4691-953B-17521D3E85BC}.Debug|Any CPU.ActiveCfg = Debug|Any CPU
		{51EAF8CD-F0DE-4691-953B-17521D3E85BC}.Debug|Any CPU.Build.0 = Debug|Any CPU
		{51EAF8CD-F0DE-4691-953B-17521D3E85BC}.Release|Any CPU.ActiveCfg = Release|Any CPU
		{51EAF8CD-F0DE-4691-953B-17521D3E85BC}.Release|Any CPU.Build.0 = Release|Any CPU
		{927B99D4-8D76-4285-B97E-0DADA5A9F3BE}.Debug|Any CPU.ActiveCfg = Debug|Any CPU
		{927B99D4-8D76-4285-B97E-0DADA5A9F3BE}.Debug|Any CPU.Build.0 = Debug|Any CPU
		{927B99D4-8D76-4285-B97E-0DADA5A9F3BE}.Release|Any CPU.ActiveCfg = Release|Any CPU
		{927B99D4-8D76-4285-B97E-0DADA5A9F3BE}.Release|Any CPU.Build.0 = Release|Any CPU
		{D5474941-FFC0-41A9-947A-B884F97D52FD}.Debug|Any CPU.ActiveCfg = Debug|Any CPU
		{D5474941-FFC0-41A9-947A-B884F97D52FD}.Debug|Any CPU.Build.0 = Debug|Any CPU
		{D5474941-FFC0-41A9-947A-B884F97D52FD}.Release|Any CPU.ActiveCfg = Release|Any CPU
		{D5474941-FFC0-41A9-947A-B884F97D52FD}.Release|Any CPU.Build.0 = Release|Any CPU
		{5E7F0222-B485-469A-9A9B-94DB04FEA624}.Debug|Any CPU.ActiveCfg = Debug|Any CPU
		{5E7F0222-B485-469A-9A9B-94DB04FEA624}.Debug|Any CPU.Build.0 = Debug|Any CPU
		{5E7F0222-B485-469A-9A9B-94DB04FEA624}.Release|Any CPU.ActiveCfg = Release|Any CPU
		{5E7F0222-B485-469A-9A9B-94DB04FEA624}.Release|Any CPU.Build.0 = Release|Any CPU
		{4DB2D9FC-A95D-489F-ADB3-308BFD4C1161}.Debug|Any CPU.ActiveCfg = Debug|Any CPU
		{4DB2D9FC-A95D-489F-ADB3-308BFD4C1161}.Debug|Any CPU.Build.0 = Debug|Any CPU
		{4DB2D9FC-A95D-489F-ADB3-308BFD4C1161}.Release|Any CPU.ActiveCfg = Release|Any CPU
		{4DB2D9FC-A95D-489F-ADB3-308BFD4C1161}.Release|Any CPU.Build.0 = Release|Any CPU
		{ABF7C3EE-0B91-4887-9374-B98F6A8EA064}.Debug|Any CPU.ActiveCfg = Debug|Any CPU
		{ABF7C3EE-0B91-4887-9374-B98F6A8EA064}.Debug|Any CPU.Build.0 = Debug|Any CPU
		{ABF7C3EE-0B91-4887-9374-B98F6A8EA064}.Release|Any CPU.ActiveCfg = Release|Any CPU
		{ABF7C3EE-0B91-4887-9374-B98F6A8EA064}.Release|Any CPU.Build.0 = Release|Any CPU
		{037A91AD-2E1C-44B9-9724-9D08548F3795}.Debug|Any CPU.ActiveCfg = Debug|Any CPU
		{037A91AD-2E1C-44B9-9724-9D08548F3795}.Debug|Any CPU.Build.0 = Debug|Any CPU
		{037A91AD-2E1C-44B9-9724-9D08548F3795}.Release|Any CPU.ActiveCfg = Release|Any CPU
		{037A91AD-2E1C-44B9-9724-9D08548F3795}.Release|Any CPU.Build.0 = Release|Any CPU
		{5D282944-687C-40C7-8CBC-35DE41D589E3}.Debug|Any CPU.ActiveCfg = Debug|Any CPU
		{5D282944-687C-40C7-8CBC-35DE41D589E3}.Debug|Any CPU.Build.0 = Debug|Any CPU
		{5D282944-687C-40C7-8CBC-35DE41D589E3}.Release|Any CPU.ActiveCfg = Release|Any CPU
		{5D282944-687C-40C7-8CBC-35DE41D589E3}.Release|Any CPU.Build.0 = Release|Any CPU
		{F1E8D78B-AA08-462C-BDDA-AB839D723B64}.Debug|Any CPU.ActiveCfg = Debug|Any CPU
		{F1E8D78B-AA08-462C-BDDA-AB839D723B64}.Debug|Any CPU.Build.0 = Debug|Any CPU
		{F1E8D78B-AA08-462C-BDDA-AB839D723B64}.Release|Any CPU.ActiveCfg = Release|Any CPU
		{F1E8D78B-AA08-462C-BDDA-AB839D723B64}.Release|Any CPU.Build.0 = Release|Any CPU
		{DC5B4C0F-3726-4FE8-809A-850FBD6E316D}.Debug|Any CPU.ActiveCfg = Debug|Any CPU
		{DC5B4C0F-3726-4FE8-809A-850FBD6E316D}.Debug|Any CPU.Build.0 = Debug|Any CPU
		{DC5B4C0F-3726-4FE8-809A-850FBD6E316D}.Release|Any CPU.ActiveCfg = Release|Any CPU
		{DC5B4C0F-3726-4FE8-809A-850FBD6E316D}.Release|Any CPU.Build.0 = Release|Any CPU
		{7962BDE7-7246-40C6-91A1-C210000E4633}.Debug|Any CPU.ActiveCfg = Debug|Any CPU
		{7962BDE7-7246-40C6-91A1-C210000E4633}.Debug|Any CPU.Build.0 = Debug|Any CPU
		{7962BDE7-7246-40C6-91A1-C210000E4633}.Release|Any CPU.ActiveCfg = Release|Any CPU
		{7962BDE7-7246-40C6-91A1-C210000E4633}.Release|Any CPU.Build.0 = Release|Any CPU
	EndGlobalSection
	GlobalSection(SolutionProperties) = preSolution
		HideSolutionNode = FALSE
	EndGlobalSection
	GlobalSection(NestedProjects) = preSolution
		{51EAF8CD-F0DE-4691-953B-17521D3E85BC} = {D7E1E8EB-7CC2-48D3-B8A8-DA64CFC42132}
		{927B99D4-8D76-4285-B97E-0DADA5A9F3BE} = {D7E1E8EB-7CC2-48D3-B8A8-DA64CFC42132}
		{D5474941-FFC0-41A9-947A-B884F97D52FD} = {D7E1E8EB-7CC2-48D3-B8A8-DA64CFC42132}
		{5E7F0222-B485-469A-9A9B-94DB04FEA624} = {BEEAC1BF-7AD7-425C-A4E4-9ECCD544681C}
		{4DB2D9FC-A95D-489F-ADB3-308BFD4C1161} = {A078523E-5F98-4D55-B68E-7032BC95B286}
		{ABF7C3EE-0B91-4887-9374-B98F6A8EA064} = {A078523E-5F98-4D55-B68E-7032BC95B286}
		{037A91AD-2E1C-44B9-9724-9D08548F3795} = {BEEAC1BF-7AD7-425C-A4E4-9ECCD544681C}
		{5D282944-687C-40C7-8CBC-35DE41D589E3} = {BEEAC1BF-7AD7-425C-A4E4-9ECCD544681C}
		{F1E8D78B-AA08-462C-BDDA-AB839D723B64} = {C15050E3-0142-4890-AA04-5E41E05D94FD}
		{DC5B4C0F-3726-4FE8-809A-850FBD6E316D} = {BEEAC1BF-7AD7-425C-A4E4-9ECCD544681C}
		{7962BDE7-7246-40C6-91A1-C210000E4633} = {BEEAC1BF-7AD7-425C-A4E4-9ECCD544681C}
	EndGlobalSection
	GlobalSection(ExtensibilityGlobals) = postSolution
		SolutionGuid = {E7834E34-4928-42B9-9191-21DB1CAE7535}
	EndGlobalSection
EndGlobal
